
Microsoft Visual Studio Solution File, Format Version 12.00
# Visual Studio Version 17
VisualStudioVersion = 17.8.34525.116
MinimumVisualStudioVersion = 10.0.40219.1
Project("{9A19103F-16F7-4668-BE54-9A1E7A4F7556}") = "ReadingDiary", "CURSOVA\ReadingDiary.csproj", "{F386ECA6-0B28-4CF5-B17B-B1E5A0FA55DB}"
EndProject
Project("{9A19103F-16F7-4668-BE54-9A1E7A4F7556}") = "TelegramBook", "WebApplication1\TelegramBook.csproj", "{B0158CB0-4FD5-4BD3-B92F-607B85473BDD}"
EndProject
Project("{9A19103F-16F7-4668-BE54-9A1E7A4F7556}") = "Botukbooks", "Botukbooks\Botukbooks.csproj", "{795D9BC6-E16E-46AF-B740-00584461C2DF}"
EndProject
Global
	GlobalSection(SolutionConfigurationPlatforms) = preSolution
		Debug|Any CPU = Debug|Any CPU
		Release|Any CPU = Release|Any CPU
	EndGlobalSection
	GlobalSection(ProjectConfigurationPlatforms) = postSolution
		{F386ECA6-0B28-4CF5-B17B-B1E5A0FA55DB}.Debug|Any CPU.ActiveCfg = Debug|Any CPU
		{F386ECA6-0B28-4CF5-B17B-B1E5A0FA55DB}.Debug|Any CPU.Build.0 = Debug|Any CPU
		{F386ECA6-0B28-4CF5-B17B-B1E5A0FA55DB}.Release|Any CPU.ActiveCfg = Release|Any CPU
		{F386ECA6-0B28-4CF5-B17B-B1E5A0FA55DB}.Release|Any CPU.Build.0 = Release|Any CPU
		{B0158CB0-4FD5-4BD3-B92F-607B85473BDD}.Debug|Any CPU.ActiveCfg = Debug|Any CPU
		{B0158CB0-4FD5-4BD3-B92F-607B85473BDD}.Debug|Any CPU.Build.0 = Debug|Any CPU
		{B0158CB0-4FD5-4BD3-B92F-607B85473BDD}.Release|Any CPU.ActiveCfg = Release|Any CPU
		{B0158CB0-4FD5-4BD3-B92F-607B85473BDD}.Release|Any CPU.Build.0 = Release|Any CPU
		{795D9BC6-E16E-46AF-B740-00584461C2DF}.Debug|Any CPU.ActiveCfg = Debug|Any CPU
		{795D9BC6-E16E-46AF-B740-00584461C2DF}.Debug|Any CPU.Build.0 = Debug|Any CPU
		{795D9BC6-E16E-46AF-B740-00584461C2DF}.Release|Any CPU.ActiveCfg = Release|Any CPU
		{795D9BC6-E16E-46AF-B740-00584461C2DF}.Release|Any CPU.Build.0 = Release|Any CPU
	EndGlobalSection
	GlobalSection(SolutionProperties) = preSolution
		HideSolutionNode = FALSE
	EndGlobalSection
	GlobalSection(ExtensibilityGlobals) = postSolution
		SolutionGuid = {F432B41F-A732-4114-B607-544C61438E72}
	EndGlobalSection
EndGlobal
